PODS:
  - DataProvider (0.1.1):
    - DataProvider/Timeline (= 0.1.1)
    - RealmSwift
  - DataProvider/Timeline (0.1.1):
    - RealmSwift
  - Nimble (8.0.1)
  - Quick (2.1.0)
  - Realm (3.14.1):
    - Realm/Headers (= 3.14.1)
  - Realm/Headers (3.14.1)
  - RealmSwift (3.14.1):
    - Realm (= 3.14.1)

DEPENDENCIES:
  - DataProvider (from `../`)
  - Nimble
  - Quick

SPEC REPOS:
  https://github.com/cocoapods/specs.git:
    - Nimble
    - Quick
    - Realm
    - RealmSwift

EXTERNAL SOURCES:
  DataProvider:
    :path: "../"

SPEC CHECKSUMS:
  DataProvider: 39b6689e52a53b86b2c2083c956518fe0252b78c
  Nimble: 45f786ae66faa9a709624227fae502db55a8bdd0
  Quick: 4be43f6634acfa727dd106bdf3929ce125ffa79d
  Realm: e12c9c2387d05c5bba3a9c394838f5870e85763b
  RealmSwift: a82eab9b04c3e1616082c7e17aa300740847769c

PODFILE CHECKSUM: 70a802e2f8fb639da39dc394dbe4dfe21587776c

COCOAPODS: 1.6.1
