PODS:
  - DataProvider (0.1.0):
    - DataProvider/Timeline (= 0.1.0)
    - RealmSwift
  - DataProvider/Timeline (0.1.0):
    - RealmSwift
  - Nimble (8.0.1)
  - Quick (2.1.0)
  - Realm (3.14.1):
    - Realm/Headers (= 3.14.1)
  - Realm/Headers (3.14.1)
  - RealmSwift (3.14.1):
    - Realm (= 3.14.1)

DEPENDENCIES:
  - DataProvider (from `../`)
  - Nimble
  - Quick

SPEC REPOS:
  https://github.com/cocoapods/specs.git:
    - Nimble
    - Quick
    - Realm
    - RealmSwift

EXTERNAL SOURCES:
  DataProvider:
    :path: "../"

SPEC CHECKSUMS:
  DataProvider: cc43292b1ed875e70f9fdcdb8aa9c8d81d01997a
  Nimble: 45f786ae66faa9a709624227fae502db55a8bdd0
  Quick: 4be43f6634acfa727dd106bdf3929ce125ffa79d
  Realm: e12c9c2387d05c5bba3a9c394838f5870e85763b
  RealmSwift: a82eab9b04c3e1616082c7e17aa300740847769c

PODFILE CHECKSUM: d4cd58c972d4cc726c480f552de7b8600e1f63de

COCOAPODS: 1.6.1
